
Microsoft Visual Studio Solution File, Format Version 12.00
# Visual Studio Version 17
VisualStudioVersion = 17.4.33213.308
MinimumVisualStudioVersion = 10.0.40219.1
Project("{FAE04EC0-301F-11D3-BF4B-00C04F79EFBC}") = "ConsoleApp5.6.1", "ConsoleApp5.6.1\ConsoleApp5.6.1.csproj", "{D1D404A5-2498-4F3E-817D-9F464AD58DD3}"
EndProject
Global
	GlobalSection(SolutionConfigurationPlatforms) = preSolution
		Debug|Any CPU = Debug|Any CPU
		Release|Any CPU = Release|Any CPU
	EndGlobalSection
	GlobalSection(ProjectConfigurationPlatforms) = postSolution
		{D1D404A5-2498-4F3E-817D-9F464AD58DD3}.Debug|Any CPU.ActiveCfg = Debug|Any CPU
		{D1D404A5-2498-4F3E-817D-9F464AD58DD3}.Debug|Any CPU.Build.0 = Debug|Any CPU
		{D1D404A5-2498-4F3E-817D-9F464AD58DD3}.Release|Any CPU.ActiveCfg = Release|Any CPU
		{D1D404A5-2498-4F3E-817D-9F464AD58DD3}.Release|Any CPU.Build.0 = Release|Any CPU
	EndGlobalSection
	GlobalSection(SolutionProperties) = preSolution
		HideSolutionNode = FALSE
	EndGlobalSection
	GlobalSection(ExtensibilityGlobals) = postSolution
		SolutionGuid = {D70EC352-EF83-4F59-B7DC-7C6519C4395D}
	EndGlobalSection
EndGlobal
